
Microsoft Visual Studio Solution File, Format Version 12.00
# Visual Studio Version 16
VisualStudioVersion = 16.0.32126.315
MinimumVisualStudioVersion = 10.0.40219.1
Project("{FAE04EC0-301F-11D3-BF4B-00C04F79EFBC}") = "ADO Example", "ADO Example.csproj", "{62D80E3D-1F69-42B6-9609-F866485ED99F}"
EndProject
Global
	GlobalSection(SolutionConfigurationPlatforms) = preSolution
		Debug|Any CPU = Debug|Any CPU
		Release|Any CPU = Release|Any CPU
	EndGlobalSection
	GlobalSection(ProjectConfigurationPlatforms) = postSolution
		{62D80E3D-1F69-42B6-9609-F866485ED99F}.Debug|Any CPU.ActiveCfg = Debug|Any CPU
		{62D80E3D-1F69-42B6-9609-F866485ED99F}.Debug|Any CPU.Build.0 = Debug|Any CPU
		{62D80E3D-1F69-42B6-9609-F866485ED99F}.Release|Any CPU.ActiveCfg = Release|Any CPU
		{62D80E3D-1F69-42B6-9609-F866485ED99F}.Release|Any CPU.Build.0 = Release|Any CPU
	EndGlobalSection
	GlobalSection(SolutionProperties) = preSolution
		HideSolutionNode = FALSE
	EndGlobalSection
	GlobalSection(ExtensibilityGlobals) = postSolution
		SolutionGuid = {8681EA2C-21A3-4F8C-91F7-F823F5E6ABBF}
	EndGlobalSection
EndGlobal
